
Microsoft Visual Studio Solution File, Format Version 12.00
# Visual Studio 14
VisualStudioVersion = 14.0.24720.0
MinimumVisualStudioVersion = 10.0.40219.1
Project("{FAE04EC0-301F-11D3-BF4B-00C04F79EFBC}") = "LordOfCodes.Console", "LordOfCodes.Console\LordOfCodes.Console.csproj", "{71E7909D-6EBB-40BD-AF89-63158E906077}"
EndProject
Project("{2150E333-8FDC-42A3-9474-1A3956D46DE8}") = "Windows", "Windows", "{B7DDD11B-E06E-4169-8D3D-9B6017DD4895}"
EndProject
Project("{FAE04EC0-301F-11D3-BF4B-00C04F79EFBC}") = "LordOfCodes.Wpf", "LordOfCodes.Wpf\LordOfCodes.Wpf.csproj", "{65212A0D-A8D1-46C8-A4B3-92F99E39032D}"
EndProject
Project("{FAE04EC0-301F-11D3-BF4B-00C04F79EFBC}") = "LordOfCodes.Uwp", "LordOfCodes.Uwp\LordOfCodes.Uwp.csproj", "{E14C932F-E7AF-4973-BFAF-D2ED3EAE7F30}"
EndProject
Project("{2150E333-8FDC-42A3-9474-1A3956D46DE8}") = "Web", "Web", "{3EE1CFCA-2E5B-4950-8C45-1BF38380370C}"
EndProject
Project("{FAE04EC0-301F-11D3-BF4B-00C04F79EFBC}") = "LordOfCodes.Web", "LordOfCodes.Web\LordOfCodes.Web.csproj", "{6F16A54C-92ED-40DE-A6CC-FE9E67DCFC4E}"
EndProject
Global
	GlobalSection(SolutionConfigurationPlatforms) = preSolution
		Ad-Hoc|Any CPU = Ad-Hoc|Any CPU
		Ad-Hoc|ARM = Ad-Hoc|ARM
		Ad-Hoc|iPhone = Ad-Hoc|iPhone
		Ad-Hoc|iPhoneSimulator = Ad-Hoc|iPhoneSimulator
		Ad-Hoc|x64 = Ad-Hoc|x64
		Ad-Hoc|x86 = Ad-Hoc|x86
		AppStore|Any CPU = AppStore|Any CPU
		AppStore|ARM = AppStore|ARM
		AppStore|iPhone = AppStore|iPhone
		AppStore|iPhoneSimulator = AppStore|iPhoneSimulator
		AppStore|x64 = AppStore|x64
		AppStore|x86 = AppStore|x86
		Debug|Any CPU = Debug|Any CPU
		Debug|ARM = Debug|ARM
		Debug|iPhone = Debug|iPhone
		Debug|iPhoneSimulator = Debug|iPhoneSimulator
		Debug|x64 = Debug|x64
		Debug|x86 = Debug|x86
		Release|Any CPU = Release|Any CPU
		Release|ARM = Release|ARM
		Release|iPhone = Release|iPhone
		Release|iPhoneSimulator = Release|iPhoneSimulator
		Release|x64 = Release|x64
		Release|x86 = Release|x86
	EndGlobalSection
	GlobalSection(ProjectConfigurationPlatforms) = postSolution
		{71E7909D-6EBB-40BD-AF89-63158E906077}.Ad-Hoc|Any CPU.ActiveCfg = Release|Any CPU
		{71E7909D-6EBB-40BD-AF89-63158E906077}.Ad-Hoc|Any CPU.Build.0 = Release|Any CPU
		{71E7909D-6EBB-40BD-AF89-63158E906077}.Ad-Hoc|ARM.ActiveCfg = Release|Any CPU
		{71E7909D-6EBB-40BD-AF89-63158E906077}.Ad-Hoc|ARM.Build.0 = Release|Any CPU
		{71E7909D-6EBB-40BD-AF89-63158E906077}.Ad-Hoc|iPhone.ActiveCfg = Release|Any CPU
		{71E7909D-6EBB-40BD-AF89-63158E906077}.Ad-Hoc|iPhone.Build.0 = Release|Any CPU
		{71E7909D-6EBB-40BD-AF89-63158E906077}.Ad-Hoc|iPhoneSimulator.ActiveCfg = Release|Any CPU
		{71E7909D-6EBB-40BD-AF89-63158E906077}.Ad-Hoc|iPhoneSimulator.Build.0 = Release|Any CPU
		{71E7909D-6EBB-40BD-AF89-63158E906077}.Ad-Hoc|x64.ActiveCfg = Release|Any CPU
		{71E7909D-6EBB-40BD-AF89-63158E906077}.Ad-Hoc|x64.Build.0 = Release|Any CPU
		{71E7909D-6EBB-40BD-AF89-63158E906077}.Ad-Hoc|x86.ActiveCfg = Release|Any CPU
		{71E7909D-6EBB-40BD-AF89-63158E906077}.Ad-Hoc|x86.Build.0 = Release|Any CPU
		{71E7909D-6EBB-40BD-AF89-63158E906077}.AppStore|Any CPU.ActiveCfg = Release|Any CPU
		{71E7909D-6EBB-40BD-AF89-63158E906077}.AppStore|Any CPU.Build.0 = Release|Any CPU
		{71E7909D-6EBB-40BD-AF89-63158E906077}.AppStore|ARM.ActiveCfg = Release|Any CPU
		{71E7909D-6EBB-40BD-AF89-63158E906077}.AppStore|ARM.Build.0 = Release|Any CPU
		{71E7909D-6EBB-40BD-AF89-63158E906077}.AppStore|iPhone.ActiveCfg = Release|Any CPU
		{71E7909D-6EBB-40BD-AF89-63158E906077}.AppStore|iPhone.Build.0 = Release|Any CPU
		{71E7909D-6EBB-40BD-AF89-63158E906077}.AppStore|iPhoneSimulator.ActiveCfg = Release|Any CPU
		{71E7909D-6EBB-40BD-AF89-63158E906077}.AppStore|iPhoneSimulator.Build.0 = Release|Any CPU
		{71E7909D-6EBB-40BD-AF89-63158E906077}.AppStore|x64.ActiveCfg = Release|Any CPU
		{71E7909D-6EBB-40BD-AF89-63158E906077}.AppStore|x64.Build.0 = Release|Any CPU
		{71E7909D-6EBB-40BD-AF89-63158E906077}.AppStore|x86.ActiveCfg = Release|Any CPU
		{71E7909D-6EBB-40BD-AF89-63158E906077}.AppStore|x86.Build.0 = Release|Any CPU
		{71E7909D-6EBB-40BD-AF89-63158E906077}.Debug|Any CPU.ActiveCfg = Debug|Any CPU
		{71E7909D-6EBB-40BD-AF89-63158E906077}.Debug|Any CPU.Build.0 = Debug|Any CPU
		{71E7909D-6EBB-40BD-AF89-63158E906077}.Debug|ARM.ActiveCfg = Debug|Any CPU
		{71E7909D-6EBB-40BD-AF89-63158E906077}.Debug|ARM.Build.0 = Debug|Any CPU
		{71E7909D-6EBB-40BD-AF89-63158E906077}.Debug|iPhone.ActiveCfg = Debug|Any CPU
		{71E7909D-6EBB-40BD-AF89-63158E906077}.Debug|iPhone.Build.0 = Debug|Any CPU
		{71E7909D-6EBB-40BD-AF89-63158E906077}.Debug|iPhoneSimulator.ActiveCfg = Debug|Any CPU
		{71E7909D-6EBB-40BD-AF89-63158E906077}.Debug|iPhoneSimulator.Build.0 = Debug|Any CPU
		{71E7909D-6EBB-40BD-AF89-63158E906077}.Debug|x64.ActiveCfg = Debug|Any CPU
		{71E7909D-6EBB-40BD-AF89-63158E906077}.Debug|x64.Build.0 = Debug|Any CPU
		{71E7909D-6EBB-40BD-AF89-63158E906077}.Debug|x86.ActiveCfg = Debug|Any CPU
		{71E7909D-6EBB-40BD-AF89-63158E906077}.Debug|x86.Build.0 = Debug|Any CPU
		{71E7909D-6EBB-40BD-AF89-63158E906077}.Release|Any CPU.ActiveCfg = Release|Any CPU
		{71E7909D-6EBB-40BD-AF89-63158E906077}.Release|Any CPU.Build.0 = Release|Any CPU
		{71E7909D-6EBB-40BD-AF89-63158E906077}.Release|ARM.ActiveCfg = Release|Any CPU
		{71E7909D-6EBB-40BD-AF89-63158E906077}.Release|ARM.Build.0 = Release|Any CPU
		{71E7909D-6EBB-40BD-AF89-63158E906077}.Release|iPhone.ActiveCfg = Release|Any CPU
		{71E7909D-6EBB-40BD-AF89-63158E906077}.Release|iPhone.Build.0 = Release|Any CPU
		{71E7909D-6EBB-40BD-AF89-63158E906077}.Release|iPhoneSimulator.ActiveCfg = Release|Any CPU
		{71E7909D-6EBB-40BD-AF89-63158E906077}.Release|iPhoneSimulator.Build.0 = Release|Any CPU
		{71E7909D-6EBB-40BD-AF89-63158E906077}.Release|x64.ActiveCfg = Release|Any CPU
		{71E7909D-6EBB-40BD-AF89-63158E906077}.Release|x64.Build.0 = Release|Any CPU
		{71E7909D-6EBB-40BD-AF89-63158E906077}.Release|x86.ActiveCfg = Release|Any CPU
		{71E7909D-6EBB-40BD-AF89-63158E906077}.Release|x86.Build.0 = Release|Any CPU
		{65212A0D-A8D1-46C8-A4B3-92F99E39032D}.Ad-Hoc|Any CPU.ActiveCfg = Release|Any CPU
		{65212A0D-A8D1-46C8-A4B3-92F99E39032D}.Ad-Hoc|Any CPU.Build.0 = Release|Any CPU
		{65212A0D-A8D1-46C8-A4B3-92F99E39032D}.Ad-Hoc|ARM.ActiveCfg = Release|Any CPU
		{65212A0D-A8D1-46C8-A4B3-92F99E39032D}.Ad-Hoc|ARM.Build.0 = Release|Any CPU
		{65212A0D-A8D1-46C8-A4B3-92F99E39032D}.Ad-Hoc|iPhone.ActiveCfg = Release|Any CPU
		{65212A0D-A8D1-46C8-A4B3-92F99E39032D}.Ad-Hoc|iPhone.Build.0 = Release|Any CPU
		{65212A0D-A8D1-46C8-A4B3-92F99E39032D}.Ad-Hoc|iPhoneSimulator.ActiveCfg = Release|Any CPU
		{65212A0D-A8D1-46C8-A4B3-92F99E39032D}.Ad-Hoc|iPhoneSimulator.Build.0 = Release|Any CPU
		{65212A0D-A8D1-46C8-A4B3-92F99E39032D}.Ad-Hoc|x64.ActiveCfg = Release|Any CPU
		{65212A0D-A8D1-46C8-A4B3-92F99E39032D}.Ad-Hoc|x64.Build.0 = Release|Any CPU
		{65212A0D-A8D1-46C8-A4B3-92F99E39032D}.Ad-Hoc|x86.ActiveCfg = Release|Any CPU
		{65212A0D-A8D1-46C8-A4B3-92F99E39032D}.Ad-Hoc|x86.Build.0 = Release|Any CPU
		{65212A0D-A8D1-46C8-A4B3-92F99E39032D}.AppStore|Any CPU.ActiveCfg = Release|Any CPU
		{65212A0D-A8D1-46C8-A4B3-92F99E39032D}.AppStore|Any CPU.Build.0 = Release|Any CPU
		{65212A0D-A8D1-46C8-A4B3-92F99E39032D}.AppStore|ARM.ActiveCfg = Release|Any CPU
		{65212A0D-A8D1-46C8-A4B3-92F99E39032D}.AppStore|ARM.Build.0 = Release|Any CPU
		{65212A0D-A8D1-46C8-A4B3-92F99E39032D}.AppStore|iPhone.ActiveCfg = Release|Any CPU
		{65212A0D-A8D1-46C8-A4B3-92F99E39032D}.AppStore|iPhone.Build.0 = Release|Any CPU
		{65212A0D-A8D1-46C8-A4B3-92F99E39032D}.AppStore|iPhoneSimulator.ActiveCfg = Release|Any CPU
		{65212A0D-A8D1-46C8-A4B3-92F99E39032D}.AppStore|iPhoneSimulator.Build.0 = Release|Any CPU
		{65212A0D-A8D1-46C8-A4B3-92F99E39032D}.AppStore|x64.ActiveCfg = Release|Any CPU
		{65212A0D-A8D1-46C8-A4B3-92F99E39032D}.AppStore|x64.Build.0 = Release|Any CPU
		{65212A0D-A8D1-46C8-A4B3-92F99E39032D}.AppStore|x86.ActiveCfg = Release|Any CPU
		{65212A0D-A8D1-46C8-A4B3-92F99E39032D}.AppStore|x86.Build.0 = Release|Any CPU
		{65212A0D-A8D1-46C8-A4B3-92F99E39032D}.Debug|Any CPU.ActiveCfg = Debug|Any CPU
		{65212A0D-A8D1-46C8-A4B3-92F99E39032D}.Debug|Any CPU.Build.0 = Debug|Any CPU
		{65212A0D-A8D1-46C8-A4B3-92F99E39032D}.Debug|ARM.ActiveCfg = Debug|Any CPU
		{65212A0D-A8D1-46C8-A4B3-92F99E39032D}.Debug|ARM.Build.0 = Debug|Any CPU
		{65212A0D-A8D1-46C8-A4B3-92F99E39032D}.Debug|iPhone.ActiveCfg = Debug|Any CPU
		{65212A0D-A8D1-46C8-A4B3-92F99E39032D}.Debug|iPhone.Build.0 = Debug|Any CPU
		{65212A0D-A8D1-46C8-A4B3-92F99E39032D}.Debug|iPhoneSimulator.ActiveCfg = Debug|Any CPU
		{65212A0D-A8D1-46C8-A4B3-92F99E39032D}.Debug|iPhoneSimulator.Build.0 = Debug|Any CPU
		{65212A0D-A8D1-46C8-A4B3-92F99E39032D}.Debug|x64.ActiveCfg = Debug|Any CPU
		{65212A0D-A8D1-46C8-A4B3-92F99E39032D}.Debug|x64.Build.0 = Debug|Any CPU
		{65212A0D-A8D1-46C8-A4B3-92F99E39032D}.Debug|x86.ActiveCfg = Debug|Any CPU
		{65212A0D-A8D1-46C8-A4B3-92F99E39032D}.Debug|x86.Build.0 = Debug|Any CPU
		{65212A0D-A8D1-46C8-A4B3-92F99E39032D}.Release|Any CPU.ActiveCfg = Release|Any CPU
		{65212A0D-A8D1-46C8-A4B3-92F99E39032D}.Release|Any CPU.Build.0 = Release|Any CPU
		{65212A0D-A8D1-46C8-A4B3-92F99E39032D}.Release|ARM.ActiveCfg = Release|Any CPU
		{65212A0D-A8D1-46C8-A4B3-92F99E39032D}.Release|ARM.Build.0 = Release|Any CPU
		{65212A0D-A8D1-46C8-A4B3-92F99E39032D}.Release|iPhone.ActiveCfg = Release|Any CPU
		{65212A0D-A8D1-46C8-A4B3-92F99E39032D}.Release|iPhone.Build.0 = Release|Any CPU
		{65212A0D-A8D1-46C8-A4B3-92F99E39032D}.Release|iPhoneSimulator.ActiveCfg = Release|Any CPU
		{65212A0D-A8D1-46C8-A4B3-92F99E39032D}.Release|iPhoneSimulator.Build.0 = Release|Any CPU
		{65212A0D-A8D1-46C8-A4B3-92F99E39032D}.Release|x64.ActiveCfg = Release|Any CPU
		{65212A0D-A8D1-46C8-A4B3-92F99E39032D}.Release|x64.Build.0 = Release|Any CPU
		{65212A0D-A8D1-46C8-A4B3-92F99E39032D}.Release|x86.ActiveCfg = Release|Any CPU
		{65212A0D-A8D1-46C8-A4B3-92F99E39032D}.Release|x86.Build.0 = Release|Any CPU
		{E14C932F-E7AF-4973-BFAF-D2ED3EAE7F30}.Ad-Hoc|Any CPU.ActiveCfg = Release|x64
		{E14C932F-E7AF-4973-BFAF-D2ED3EAE7F30}.Ad-Hoc|Any CPU.Build.0 = Release|x64
		{E14C932F-E7AF-4973-BFAF-D2ED3EAE7F30}.Ad-Hoc|Any CPU.Deploy.0 = Release|x64
		{E14C932F-E7AF-4973-BFAF-D2ED3EAE7F30}.Ad-Hoc|ARM.ActiveCfg = Release|ARM
		{E14C932F-E7AF-4973-BFAF-D2ED3EAE7F30}.Ad-Hoc|ARM.Build.0 = Release|ARM
		{E14C932F-E7AF-4973-BFAF-D2ED3EAE7F30}.Ad-Hoc|ARM.Deploy.0 = Release|ARM
		{E14C932F-E7AF-4973-BFAF-D2ED3EAE7F30}.Ad-Hoc|iPhone.ActiveCfg = Release|x64
		{E14C932F-E7AF-4973-BFAF-D2ED3EAE7F30}.Ad-Hoc|iPhone.Build.0 = Release|x64
		{E14C932F-E7AF-4973-BFAF-D2ED3EAE7F30}.Ad-Hoc|iPhone.Deploy.0 = Release|x64
		{E14C932F-E7AF-4973-BFAF-D2ED3EAE7F30}.Ad-Hoc|iPhoneSimulator.ActiveCfg = Release|x64
		{E14C932F-E7AF-4973-BFAF-D2ED3EAE7F30}.Ad-Hoc|iPhoneSimulator.Build.0 = Release|x64
		{E14C932F-E7AF-4973-BFAF-D2ED3EAE7F30}.Ad-Hoc|iPhoneSimulator.Deploy.0 = Release|x64
		{E14C932F-E7AF-4973-BFAF-D2ED3EAE7F30}.Ad-Hoc|x64.ActiveCfg = Release|x64
		{E14C932F-E7AF-4973-BFAF-D2ED3EAE7F30}.Ad-Hoc|x64.Build.0 = Release|x64
		{E14C932F-E7AF-4973-BFAF-D2ED3EAE7F30}.Ad-Hoc|x64.Deploy.0 = Release|x64
		{E14C932F-E7AF-4973-BFAF-D2ED3EAE7F30}.Ad-Hoc|x86.ActiveCfg = Release|x86
		{E14C932F-E7AF-4973-BFAF-D2ED3EAE7F30}.Ad-Hoc|x86.Build.0 = Release|x86
		{E14C932F-E7AF-4973-BFAF-D2ED3EAE7F30}.Ad-Hoc|x86.Deploy.0 = Release|x86
		{E14C932F-E7AF-4973-BFAF-D2ED3EAE7F30}.AppStore|Any CPU.ActiveCfg = Release|x64
		{E14C932F-E7AF-4973-BFAF-D2ED3EAE7F30}.AppStore|Any CPU.Build.0 = Release|x64
		{E14C932F-E7AF-4973-BFAF-D2ED3EAE7F30}.AppStore|Any CPU.Deploy.0 = Release|x64
		{E14C932F-E7AF-4973-BFAF-D2ED3EAE7F30}.AppStore|ARM.ActiveCfg = Release|ARM
		{E14C932F-E7AF-4973-BFAF-D2ED3EAE7F30}.AppStore|ARM.Build.0 = Release|ARM
		{E14C932F-E7AF-4973-BFAF-D2ED3EAE7F30}.AppStore|ARM.Deploy.0 = Release|ARM
		{E14C932F-E7AF-4973-BFAF-D2ED3EAE7F30}.AppStore|iPhone.ActiveCfg = Release|x64
		{E14C932F-E7AF-4973-BFAF-D2ED3EAE7F30}.AppStore|iPhone.Build.0 = Release|x64
		{E14C932F-E7AF-4973-BFAF-D2ED3EAE7F30}.AppStore|iPhone.Deploy.0 = Release|x64
		{E14C932F-E7AF-4973-BFAF-D2ED3EAE7F30}.AppStore|iPhoneSimulator.ActiveCfg = Release|x64
		{E14C932F-E7AF-4973-BFAF-D2ED3EAE7F30}.AppStore|iPhoneSimulator.Build.0 = Release|x64
		{E14C932F-E7AF-4973-BFAF-D2ED3EAE7F30}.AppStore|iPhoneSimulator.Deploy.0 = Release|x64
		{E14C932F-E7AF-4973-BFAF-D2ED3EAE7F30}.AppStore|x64.ActiveCfg = Release|x64
		{E14C932F-E7AF-4973-BFAF-D2ED3EAE7F30}.AppStore|x64.Build.0 = Release|x64
		{E14C932F-E7AF-4973-BFAF-D2ED3EAE7F30}.AppStore|x64.Deploy.0 = Release|x64
		{E14C932F-E7AF-4973-BFAF-D2ED3EAE7F30}.AppStore|x86.ActiveCfg = Release|x86
		{E14C932F-E7AF-4973-BFAF-D2ED3EAE7F30}.AppStore|x86.Build.0 = Release|x86
		{E14C932F-E7AF-4973-BFAF-D2ED3EAE7F30}.AppStore|x86.Deploy.0 = Release|x86
		{E14C932F-E7AF-4973-BFAF-D2ED3EAE7F30}.Debug|Any CPU.ActiveCfg = Debug|x86
		{E14C932F-E7AF-4973-BFAF-D2ED3EAE7F30}.Debug|ARM.ActiveCfg = Debug|ARM
		{E14C932F-E7AF-4973-BFAF-D2ED3EAE7F30}.Debug|ARM.Build.0 = Debug|ARM
		{E14C932F-E7AF-4973-BFAF-D2ED3EAE7F30}.Debug|ARM.Deploy.0 = Debug|ARM
		{E14C932F-E7AF-4973-BFAF-D2ED3EAE7F30}.Debug|iPhone.ActiveCfg = Debug|x86
		{E14C932F-E7AF-4973-BFAF-D2ED3EAE7F30}.Debug|iPhoneSimulator.ActiveCfg = Debug|x86
		{E14C932F-E7AF-4973-BFAF-D2ED3EAE7F30}.Debug|x64.ActiveCfg = Debug|x64
		{E14C932F-E7AF-4973-BFAF-D2ED3EAE7F30}.Debug|x64.Build.0 = Debug|x64
		{E14C932F-E7AF-4973-BFAF-D2ED3EAE7F30}.Debug|x64.Deploy.0 = Debug|x64
		{E14C932F-E7AF-4973-BFAF-D2ED3EAE7F30}.Debug|x86.ActiveCfg = Debug|x86
		{E14C932F-E7AF-4973-BFAF-D2ED3EAE7F30}.Debug|x86.Build.0 = Debug|x86
		{E14C932F-E7AF-4973-BFAF-D2ED3EAE7F30}.Debug|x86.Deploy.0 = Debug|x86
		{E14C932F-E7AF-4973-BFAF-D2ED3EAE7F30}.Release|Any CPU.ActiveCfg = Release|x86
		{E14C932F-E7AF-4973-BFAF-D2ED3EAE7F30}.Release|ARM.ActiveCfg = Release|ARM
		{E14C932F-E7AF-4973-BFAF-D2ED3EAE7F30}.Release|ARM.Build.0 = Release|ARM
		{E14C932F-E7AF-4973-BFAF-D2ED3EAE7F30}.Release|ARM.Deploy.0 = Release|ARM
		{E14C932F-E7AF-4973-BFAF-D2ED3EAE7F30}.Release|iPhone.ActiveCfg = Release|x86
		{E14C932F-E7AF-4973-BFAF-D2ED3EAE7F30}.Release|iPhoneSimulator.ActiveCfg = Release|x86
		{E14C932F-E7AF-4973-BFAF-D2ED3EAE7F30}.Release|x64.ActiveCfg = Release|x64
		{E14C932F-E7AF-4973-BFAF-D2ED3EAE7F30}.Release|x64.Build.0 = Release|x64
		{E14C932F-E7AF-4973-BFAF-D2ED3EAE7F30}.Release|x64.Deploy.0 = Release|x64
		{E14C932F-E7AF-4973-BFAF-D2ED3EAE7F30}.Release|x86.ActiveCfg = Release|x86
		{E14C932F-E7AF-4973-BFAF-D2ED3EAE7F30}.Release|x86.Build.0 = Release|x86
		{E14C932F-E7AF-4973-BFAF-D2ED3EAE7F30}.Release|x86.Deploy.0 = Release|x86
		{6F16A54C-92ED-40DE-A6CC-FE9E67DCFC4E}.Ad-Hoc|Any CPU.ActiveCfg = Release|Any CPU
		{6F16A54C-92ED-40DE-A6CC-FE9E67DCFC4E}.Ad-Hoc|Any CPU.Build.0 = Release|Any CPU
		{6F16A54C-92ED-40DE-A6CC-FE9E67DCFC4E}.Ad-Hoc|ARM.ActiveCfg = Release|Any CPU
		{6F16A54C-92ED-40DE-A6CC-FE9E67DCFC4E}.Ad-Hoc|ARM.Build.0 = Release|Any CPU
		{6F16A54C-92ED-40DE-A6CC-FE9E67DCFC4E}.Ad-Hoc|iPhone.ActiveCfg = Release|Any CPU
		{6F16A54C-92ED-40DE-A6CC-FE9E67DCFC4E}.Ad-Hoc|iPhone.Build.0 = Release|Any CPU
		{6F16A54C-92ED-40DE-A6CC-FE9E67DCFC4E}.Ad-Hoc|iPhoneSimulator.ActiveCfg = Release|Any CPU
		{6F16A54C-92ED-40DE-A6CC-FE9E67DCFC4E}.Ad-Hoc|iPhoneSimulator.Build.0 = Release|Any CPU
		{6F16A54C-92ED-40DE-A6CC-FE9E67DCFC4E}.Ad-Hoc|x64.ActiveCfg = Release|Any CPU
		{6F16A54C-92ED-40DE-A6CC-FE9E67DCFC4E}.Ad-Hoc|x64.Build.0 = Release|Any CPU
		{6F16A54C-92ED-40DE-A6CC-FE9E67DCFC4E}.Ad-Hoc|x86.ActiveCfg = Release|Any CPU
		{6F16A54C-92ED-40DE-A6CC-FE9E67DCFC4E}.Ad-Hoc|x86.Build.0 = Release|Any CPU
		{6F16A54C-92ED-40DE-A6CC-FE9E67DCFC4E}.AppStore|Any CPU.ActiveCfg = Release|Any CPU
		{6F16A54C-92ED-40DE-A6CC-FE9E67DCFC4E}.AppStore|Any CPU.Build.0 = Release|Any CPU
		{6F16A54C-92ED-40DE-A6CC-FE9E67DCFC4E}.AppStore|ARM.ActiveCfg = Release|Any CPU
		{6F16A54C-92ED-40DE-A6CC-FE9E67DCFC4E}.AppStore|ARM.Build.0 = Release|Any CPU
		{6F16A54C-92ED-40DE-A6CC-FE9E67DCFC4E}.AppStore|iPhone.ActiveCfg = Release|Any CPU
		{6F16A54C-92ED-40DE-A6CC-FE9E67DCFC4E}.AppStore|iPhone.Build.0 = Release|Any CPU
		{6F16A54C-92ED-40DE-A6CC-FE9E67DCFC4E}.AppStore|iPhoneSimulator.ActiveCfg = Release|Any CPU
		{6F16A54C-92ED-40DE-A6CC-FE9E67DCFC4E}.AppStore|iPhoneSimulator.Build.0 = Release|Any CPU
		{6F16A54C-92ED-40DE-A6CC-FE9E67DCFC4E}.AppStore|x64.ActiveCfg = Release|Any CPU
		{6F16A54C-92ED-40DE-A6CC-FE9E67DCFC4E}.AppStore|x64.Build.0 = Release|Any CPU
		{6F16A54C-92ED-40DE-A6CC-FE9E67DCFC4E}.AppStore|x86.ActiveCfg = Release|Any CPU
		{6F16A54C-92ED-40DE-A6CC-FE9E67DCFC4E}.AppStore|x86.Build.0 = Release|Any CPU
		{6F16A54C-92ED-40DE-A6CC-FE9E67DCFC4E}.Debug|Any CPU.ActiveCfg = Debug|Any CPU
		{6F16A54C-92ED-40DE-A6CC-FE9E67DCFC4E}.Debug|Any CPU.Build.0 = Debug|Any CPU
		{6F16A54C-92ED-40DE-A6CC-FE9E67DCFC4E}.Debug|ARM.ActiveCfg = Debug|Any CPU
		{6F16A54C-92ED-40DE-A6CC-FE9E67DCFC4E}.Debug|ARM.Build.0 = Debug|Any CPU
		{6F16A54C-92ED-40DE-A6CC-FE9E67DCFC4E}.Debug|iPhone.ActiveCfg = Debug|Any CPU
		{6F16A54C-92ED-40DE-A6CC-FE9E67DCFC4E}.Debug|iPhone.Build.0 = Debug|Any CPU
		{6F16A54C-92ED-40DE-A6CC-FE9E67DCFC4E}.Debug|iPhoneSimulator.ActiveCfg = Debug|Any CPU
		{6F16A54C-92ED-40DE-A6CC-FE9E67DCFC4E}.Debug|iPhoneSimulator.Build.0 = Debug|Any CPU
		{6F16A54C-92ED-40DE-A6CC-FE9E67DCFC4E}.Debug|x64.ActiveCfg = Debug|Any CPU
		{6F16A54C-92ED-40DE-A6CC-FE9E67DCFC4E}.Debug|x64.Build.0 = Debug|Any CPU
		{6F16A54C-92ED-40DE-A6CC-FE9E67DCFC4E}.Debug|x86.ActiveCfg = Debug|Any CPU
		{6F16A54C-92ED-40DE-A6CC-FE9E67DCFC4E}.Debug|x86.Build.0 = Debug|Any CPU
		{6F16A54C-92ED-40DE-A6CC-FE9E67DCFC4E}.Release|Any CPU.ActiveCfg = Release|Any CPU
		{6F16A54C-92ED-40DE-A6CC-FE9E67DCFC4E}.Release|Any CPU.Build.0 = Release|Any CPU
		{6F16A54C-92ED-40DE-A6CC-FE9E67DCFC4E}.Release|ARM.ActiveCfg = Release|Any CPU
		{6F16A54C-92ED-40DE-A6CC-FE9E67DCFC4E}.Release|ARM.Build.0 = Release|Any CPU
		{6F16A54C-92ED-40DE-A6CC-FE9E67DCFC4E}.Release|iPhone.ActiveCfg = Release|Any CPU
		{6F16A54C-92ED-40DE-A6CC-FE9E67DCFC4E}.Release|iPhone.Build.0 = Release|Any CPU
		{6F16A54C-92ED-40DE-A6CC-FE9E67DCFC4E}.Release|iPhoneSimulator.ActiveCfg = Release|Any CPU
		{6F16A54C-92ED-40DE-A6CC-FE9E67DCFC4E}.Release|iPhoneSimulator.Build.0 = Release|Any CPU
		{6F16A54C-92ED-40DE-A6CC-FE9E67DCFC4E}.Release|x64.ActiveCfg = Release|Any CPU
		{6F16A54C-92ED-40DE-A6CC-FE9E67DCFC4E}.Release|x64.Build.0 = Release|Any CPU
		{6F16A54C-92ED-40DE-A6CC-FE9E67DCFC4E}.Release|x86.ActiveCfg = Release|Any CPU
		{6F16A54C-92ED-40DE-A6CC-FE9E67DCFC4E}.Release|x86.Build.0 = Release|Any CPU
	EndGlobalSection
	GlobalSection(SolutionProperties) = preSolution
		HideSolutionNode = FALSE
	EndGlobalSection
	GlobalSection(NestedProjects) = preSolution
		{65212A0D-A8D1-46C8-A4B3-92F99E39032D} = {B7DDD11B-E06E-4169-8D3D-9B6017DD4895}
		{E14C932F-E7AF-4973-BFAF-D2ED3EAE7F30} = {B7DDD11B-E06E-4169-8D3D-9B6017DD4895}
		{6F16A54C-92ED-40DE-A6CC-FE9E67DCFC4E} = {3EE1CFCA-2E5B-4950-8C45-1BF38380370C}
	EndGlobalSection
EndGlobal
