
Microsoft Visual Studio Solution File, Format Version 12.00
# Visual Studio 14
VisualStudioVersion = 14.0.24720.0
MinimumVisualStudioVersion = 10.0.40219.1
Project("{FAE04EC0-301F-11D3-BF4B-00C04F79EFBC}") = "LordOfCodes.Console", "LordOfCodes.Console\LordOfCodes.Console.csproj", "{71E7909D-6EBB-40BD-AF89-63158E906077}"
EndProject
Project("{2150E333-8FDC-42A3-9474-1A3956D46DE8}") = "Windows", "Windows", "{B7DDD11B-E06E-4169-8D3D-9B6017DD4895}"
EndProject
Project("{FAE04EC0-301F-11D3-BF4B-00C04F79EFBC}") = "LordOfCodes.Wpf", "LordOfCodes.Wpf\LordOfCodes.Wpf.csproj", "{65212A0D-A8D1-46C8-A4B3-92F99E39032D}"
EndProject
Project("{FAE04EC0-301F-11D3-BF4B-00C04F79EFBC}") = "LordOfCodes.Uwp", "LordOfCodes.Uwp\LordOfCodes.Uwp.csproj", "{E14C932F-E7AF-4973-BFAF-D2ED3EAE7F30}"
EndProject
Project("{2150E333-8FDC-42A3-9474-1A3956D46DE8}") = "Web", "Web", "{3EE1CFCA-2E5B-4950-8C45-1BF38380370C}"
EndProject
Project("{FAE04EC0-301F-11D3-BF4B-00C04F79EFBC}") = "LordOfCodes.Web", "LordOfCodes.Web\LordOfCodes.Web.csproj", "{6F16A54C-92ED-40DE-A6CC-FE9E67DCFC4E}"
EndProject
Project("{2150E333-8FDC-42A3-9474-1A3956D46DE8}") = "Xamarin", "Xamarin", "{D46ACE54-25A8-4EF1-BB46-E9C2EE1820EA}"
EndProject
Project("{FAE04EC0-301F-11D3-BF4B-00C04F79EFBC}") = "LordOfCodes.Xam.Droid", "LordOfCodes.Xam\LordOfCodes.Xam.Droid\LordOfCodes.Xam.Droid.csproj", "{E261DD12-732D-4D20-92BC-D437C7800F07}"
EndProject
Project("{FAE04EC0-301F-11D3-BF4B-00C04F79EFBC}") = "LordOfCodes.Xam.iOS", "LordOfCodes.Xam\LordOfCodes.Xam.iOS\LordOfCodes.Xam.iOS.csproj", "{76EAE8F6-52F6-4FAA-A3D4-5F8451ACA59E}"
EndProject
Project("{FAE04EC0-301F-11D3-BF4B-00C04F79EFBC}") = "LordOfCodes.Xam.WinPhone", "LordOfCodes.Xam\LordOfCodes.Xam.WinPhone\LordOfCodes.Xam.WinPhone.csproj", "{4727FFD4-D98B-4AAF-B1B6-40FBB91AEFF6}"
EndProject
Project("{D954291E-2A0B-460D-934E-DC6B0785DB48}") = "LordOfCodes.Xam", "LordOfCodes.Xam\LordOfCodes.Xam\LordOfCodes.Xam.shproj", "{E2B39915-B306-4A50-B844-36F9B0C7172A}"
EndProject
Global
	GlobalSection(SharedMSBuildProjectFiles) = preSolution
		LordOfCodes.Xam\LordOfCodes.Xam\LordOfCodes.Xam.projitems*{4727ffd4-d98b-4aaf-b1b6-40fbb91aeff6}*SharedItemsImports = 4
		LordOfCodes.Xam\LordOfCodes.Xam\LordOfCodes.Xam.projitems*{e261dd12-732d-4d20-92bc-d437c7800f07}*SharedItemsImports = 4
		LordOfCodes.Xam\LordOfCodes.Xam\LordOfCodes.Xam.projitems*{e2b39915-b306-4a50-b844-36f9b0c7172a}*SharedItemsImports = 13
		LordOfCodes.Xam\LordOfCodes.Xam\LordOfCodes.Xam.projitems*{76eae8f6-52f6-4faa-a3d4-5f8451aca59e}*SharedItemsImports = 4
	EndGlobalSection
	GlobalSection(SolutionConfigurationPlatforms) = preSolution
		Ad-Hoc|Any CPU = Ad-Hoc|Any CPU
		Ad-Hoc|ARM = Ad-Hoc|ARM
		Ad-Hoc|iPhone = Ad-Hoc|iPhone
		Ad-Hoc|iPhoneSimulator = Ad-Hoc|iPhoneSimulator
		Ad-Hoc|x64 = Ad-Hoc|x64
		Ad-Hoc|x86 = Ad-Hoc|x86
		AppStore|Any CPU = AppStore|Any CPU
		AppStore|ARM = AppStore|ARM
		AppStore|iPhone = AppStore|iPhone
		AppStore|iPhoneSimulator = AppStore|iPhoneSimulator
		AppStore|x64 = AppStore|x64
		AppStore|x86 = AppStore|x86
		Debug|Any CPU = Debug|Any CPU
		Debug|ARM = Debug|ARM
		Debug|iPhone = Debug|iPhone
		Debug|iPhoneSimulator = Debug|iPhoneSimulator
		Debug|x64 = Debug|x64
		Debug|x86 = Debug|x86
		Release|Any CPU = Release|Any CPU
		Release|ARM = Release|ARM
		Release|iPhone = Release|iPhone
		Release|iPhoneSimulator = Release|iPhoneSimulator
		Release|x64 = Release|x64
		Release|x86 = Release|x86
	EndGlobalSection
	GlobalSection(ProjectConfigurationPlatforms) = postSolution
		{71E7909D-6EBB-40BD-AF89-63158E906077}.Ad-Hoc|Any CPU.ActiveCfg = Release|Any CPU
		{71E7909D-6EBB-40BD-AF89-63158E906077}.Ad-Hoc|Any CPU.Build.0 = Release|Any CPU
		{71E7909D-6EBB-40BD-AF89-63158E906077}.Ad-Hoc|ARM.ActiveCfg = Release|Any CPU
		{71E7909D-6EBB-40BD-AF89-63158E906077}.Ad-Hoc|ARM.Build.0 = Release|Any CPU
		{71E7909D-6EBB-40BD-AF89-63158E906077}.Ad-Hoc|iPhone.ActiveCfg = Release|Any CPU
		{71E7909D-6EBB-40BD-AF89-63158E906077}.Ad-Hoc|iPhone.Build.0 = Release|Any CPU
		{71E7909D-6EBB-40BD-AF89-63158E906077}.Ad-Hoc|iPhoneSimulator.ActiveCfg = Release|Any CPU
		{71E7909D-6EBB-40BD-AF89-63158E906077}.Ad-Hoc|iPhoneSimulator.Build.0 = Release|Any CPU
		{71E7909D-6EBB-40BD-AF89-63158E906077}.Ad-Hoc|x64.ActiveCfg = Release|Any CPU
		{71E7909D-6EBB-40BD-AF89-63158E906077}.Ad-Hoc|x64.Build.0 = Release|Any CPU
		{71E7909D-6EBB-40BD-AF89-63158E906077}.Ad-Hoc|x86.ActiveCfg = Release|Any CPU
		{71E7909D-6EBB-40BD-AF89-63158E906077}.Ad-Hoc|x86.Build.0 = Release|Any CPU
		{71E7909D-6EBB-40BD-AF89-63158E906077}.AppStore|Any CPU.ActiveCfg = Release|Any CPU
		{71E7909D-6EBB-40BD-AF89-63158E906077}.AppStore|Any CPU.Build.0 = Release|Any CPU
		{71E7909D-6EBB-40BD-AF89-63158E906077}.AppStore|ARM.ActiveCfg = Release|Any CPU
		{71E7909D-6EBB-40BD-AF89-63158E906077}.AppStore|ARM.Build.0 = Release|Any CPU
		{71E7909D-6EBB-40BD-AF89-63158E906077}.AppStore|iPhone.ActiveCfg = Release|Any CPU
		{71E7909D-6EBB-40BD-AF89-63158E906077}.AppStore|iPhone.Build.0 = Release|Any CPU
		{71E7909D-6EBB-40BD-AF89-63158E906077}.AppStore|iPhoneSimulator.ActiveCfg = Release|Any CPU
		{71E7909D-6EBB-40BD-AF89-63158E906077}.AppStore|iPhoneSimulator.Build.0 = Release|Any CPU
		{71E7909D-6EBB-40BD-AF89-63158E906077}.AppStore|x64.ActiveCfg = Release|Any CPU
		{71E7909D-6EBB-40BD-AF89-63158E906077}.AppStore|x64.Build.0 = Release|Any CPU
		{71E7909D-6EBB-40BD-AF89-63158E906077}.AppStore|x86.ActiveCfg = Release|Any CPU
		{71E7909D-6EBB-40BD-AF89-63158E906077}.AppStore|x86.Build.0 = Release|Any CPU
		{71E7909D-6EBB-40BD-AF89-63158E906077}.Debug|Any CPU.ActiveCfg = Debug|Any CPU
		{71E7909D-6EBB-40BD-AF89-63158E906077}.Debug|Any CPU.Build.0 = Debug|Any CPU
		{71E7909D-6EBB-40BD-AF89-63158E906077}.Debug|ARM.ActiveCfg = Debug|Any CPU
		{71E7909D-6EBB-40BD-AF89-63158E906077}.Debug|ARM.Build.0 = Debug|Any CPU
		{71E7909D-6EBB-40BD-AF89-63158E906077}.Debug|iPhone.ActiveCfg = Debug|Any CPU
		{71E7909D-6EBB-40BD-AF89-63158E906077}.Debug|iPhone.Build.0 = Debug|Any CPU
		{71E7909D-6EBB-40BD-AF89-63158E906077}.Debug|iPhoneSimulator.ActiveCfg = Debug|Any CPU
		{71E7909D-6EBB-40BD-AF89-63158E906077}.Debug|iPhoneSimulator.Build.0 = Debug|Any CPU
		{71E7909D-6EBB-40BD-AF89-63158E906077}.Debug|x64.ActiveCfg = Debug|Any CPU
		{71E7909D-6EBB-40BD-AF89-63158E906077}.Debug|x64.Build.0 = Debug|Any CPU
		{71E7909D-6EBB-40BD-AF89-63158E906077}.Debug|x86.ActiveCfg = Debug|Any CPU
		{71E7909D-6EBB-40BD-AF89-63158E906077}.Debug|x86.Build.0 = Debug|Any CPU
		{71E7909D-6EBB-40BD-AF89-63158E906077}.Release|Any CPU.ActiveCfg = Release|Any CPU
		{71E7909D-6EBB-40BD-AF89-63158E906077}.Release|Any CPU.Build.0 = Release|Any CPU
		{71E7909D-6EBB-40BD-AF89-63158E906077}.Release|ARM.ActiveCfg = Release|Any CPU
		{71E7909D-6EBB-40BD-AF89-63158E906077}.Release|ARM.Build.0 = Release|Any CPU
		{71E7909D-6EBB-40BD-AF89-63158E906077}.Release|iPhone.ActiveCfg = Release|Any CPU
		{71E7909D-6EBB-40BD-AF89-63158E906077}.Release|iPhone.Build.0 = Release|Any CPU
		{71E7909D-6EBB-40BD-AF89-63158E906077}.Release|iPhoneSimulator.ActiveCfg = Release|Any CPU
		{71E7909D-6EBB-40BD-AF89-63158E906077}.Release|iPhoneSimulator.Build.0 = Release|Any CPU
		{71E7909D-6EBB-40BD-AF89-63158E906077}.Release|x64.ActiveCfg = Release|Any CPU
		{71E7909D-6EBB-40BD-AF89-63158E906077}.Release|x64.Build.0 = Release|Any CPU
		{71E7909D-6EBB-40BD-AF89-63158E906077}.Release|x86.ActiveCfg = Release|Any CPU
		{71E7909D-6EBB-40BD-AF89-63158E906077}.Release|x86.Build.0 = Release|Any CPU
		{65212A0D-A8D1-46C8-A4B3-92F99E39032D}.Ad-Hoc|Any CPU.ActiveCfg = Release|Any CPU
		{65212A0D-A8D1-46C8-A4B3-92F99E39032D}.Ad-Hoc|Any CPU.Build.0 = Release|Any CPU
		{65212A0D-A8D1-46C8-A4B3-92F99E39032D}.Ad-Hoc|ARM.ActiveCfg = Release|Any CPU
		{65212A0D-A8D1-46C8-A4B3-92F99E39032D}.Ad-Hoc|ARM.Build.0 = Release|Any CPU
		{65212A0D-A8D1-46C8-A4B3-92F99E39032D}.Ad-Hoc|iPhone.ActiveCfg = Release|Any CPU
		{65212A0D-A8D1-46C8-A4B3-92F99E39032D}.Ad-Hoc|iPhone.Build.0 = Release|Any CPU
		{65212A0D-A8D1-46C8-A4B3-92F99E39032D}.Ad-Hoc|iPhoneSimulator.ActiveCfg = Release|Any CPU
		{65212A0D-A8D1-46C8-A4B3-92F99E39032D}.Ad-Hoc|iPhoneSimulator.Build.0 = Release|Any CPU
		{65212A0D-A8D1-46C8-A4B3-92F99E39032D}.Ad-Hoc|x64.ActiveCfg = Release|Any CPU
		{65212A0D-A8D1-46C8-A4B3-92F99E39032D}.Ad-Hoc|x64.Build.0 = Release|Any CPU
		{65212A0D-A8D1-46C8-A4B3-92F99E39032D}.Ad-Hoc|x86.ActiveCfg = Release|Any CPU
		{65212A0D-A8D1-46C8-A4B3-92F99E39032D}.Ad-Hoc|x86.Build.0 = Release|Any CPU
		{65212A0D-A8D1-46C8-A4B3-92F99E39032D}.AppStore|Any CPU.ActiveCfg = Release|Any CPU
		{65212A0D-A8D1-46C8-A4B3-92F99E39032D}.AppStore|Any CPU.Build.0 = Release|Any CPU
		{65212A0D-A8D1-46C8-A4B3-92F99E39032D}.AppStore|ARM.ActiveCfg = Release|Any CPU
		{65212A0D-A8D1-46C8-A4B3-92F99E39032D}.AppStore|ARM.Build.0 = Release|Any CPU
		{65212A0D-A8D1-46C8-A4B3-92F99E39032D}.AppStore|iPhone.ActiveCfg = Release|Any CPU
		{65212A0D-A8D1-46C8-A4B3-92F99E39032D}.AppStore|iPhone.Build.0 = Release|Any CPU
		{65212A0D-A8D1-46C8-A4B3-92F99E39032D}.AppStore|iPhoneSimulator.ActiveCfg = Release|Any CPU
		{65212A0D-A8D1-46C8-A4B3-92F99E39032D}.AppStore|iPhoneSimulator.Build.0 = Release|Any CPU
		{65212A0D-A8D1-46C8-A4B3-92F99E39032D}.AppStore|x64.ActiveCfg = Release|Any CPU
		{65212A0D-A8D1-46C8-A4B3-92F99E39032D}.AppStore|x64.Build.0 = Release|Any CPU
		{65212A0D-A8D1-46C8-A4B3-92F99E39032D}.AppStore|x86.ActiveCfg = Release|Any CPU
		{65212A0D-A8D1-46C8-A4B3-92F99E39032D}.AppStore|x86.Build.0 = Release|Any CPU
		{65212A0D-A8D1-46C8-A4B3-92F99E39032D}.Debug|Any CPU.ActiveCfg = Debug|Any CPU
		{65212A0D-A8D1-46C8-A4B3-92F99E39032D}.Debug|Any CPU.Build.0 = Debug|Any CPU
		{65212A0D-A8D1-46C8-A4B3-92F99E39032D}.Debug|ARM.ActiveCfg = Debug|Any CPU
		{65212A0D-A8D1-46C8-A4B3-92F99E39032D}.Debug|ARM.Build.0 = Debug|Any CPU
		{65212A0D-A8D1-46C8-A4B3-92F99E39032D}.Debug|iPhone.ActiveCfg = Debug|Any CPU
		{65212A0D-A8D1-46C8-A4B3-92F99E39032D}.Debug|iPhone.Build.0 = Debug|Any CPU
		{65212A0D-A8D1-46C8-A4B3-92F99E39032D}.Debug|iPhoneSimulator.ActiveCfg = Debug|Any CPU
		{65212A0D-A8D1-46C8-A4B3-92F99E39032D}.Debug|iPhoneSimulator.Build.0 = Debug|Any CPU
		{65212A0D-A8D1-46C8-A4B3-92F99E39032D}.Debug|x64.ActiveCfg = Debug|Any CPU
		{65212A0D-A8D1-46C8-A4B3-92F99E39032D}.Debug|x64.Build.0 = Debug|Any CPU
		{65212A0D-A8D1-46C8-A4B3-92F99E39032D}.Debug|x86.ActiveCfg = Debug|Any CPU
		{65212A0D-A8D1-46C8-A4B3-92F99E39032D}.Debug|x86.Build.0 = Debug|Any CPU
		{65212A0D-A8D1-46C8-A4B3-92F99E39032D}.Release|Any CPU.ActiveCfg = Release|Any CPU
		{65212A0D-A8D1-46C8-A4B3-92F99E39032D}.Release|Any CPU.Build.0 = Release|Any CPU
		{65212A0D-A8D1-46C8-A4B3-92F99E39032D}.Release|ARM.ActiveCfg = Release|Any CPU
		{65212A0D-A8D1-46C8-A4B3-92F99E39032D}.Release|ARM.Build.0 = Release|Any CPU
		{65212A0D-A8D1-46C8-A4B3-92F99E39032D}.Release|iPhone.ActiveCfg = Release|Any CPU
		{65212A0D-A8D1-46C8-A4B3-92F99E39032D}.Release|iPhone.Build.0 = Release|Any CPU
		{65212A0D-A8D1-46C8-A4B3-92F99E39032D}.Release|iPhoneSimulator.ActiveCfg = Release|Any CPU
		{65212A0D-A8D1-46C8-A4B3-92F99E39032D}.Release|iPhoneSimulator.Build.0 = Release|Any CPU
		{65212A0D-A8D1-46C8-A4B3-92F99E39032D}.Release|x64.ActiveCfg = Release|Any CPU
		{65212A0D-A8D1-46C8-A4B3-92F99E39032D}.Release|x64.Build.0 = Release|Any CPU
		{65212A0D-A8D1-46C8-A4B3-92F99E39032D}.Release|x86.ActiveCfg = Release|Any CPU
		{65212A0D-A8D1-46C8-A4B3-92F99E39032D}.Release|x86.Build.0 = Release|Any CPU
		{E14C932F-E7AF-4973-BFAF-D2ED3EAE7F30}.Ad-Hoc|Any CPU.ActiveCfg = Release|x64
		{E14C932F-E7AF-4973-BFAF-D2ED3EAE7F30}.Ad-Hoc|Any CPU.Build.0 = Release|x64
		{E14C932F-E7AF-4973-BFAF-D2ED3EAE7F30}.Ad-Hoc|Any CPU.Deploy.0 = Release|x64
		{E14C932F-E7AF-4973-BFAF-D2ED3EAE7F30}.Ad-Hoc|ARM.ActiveCfg = Release|ARM
		{E14C932F-E7AF-4973-BFAF-D2ED3EAE7F30}.Ad-Hoc|ARM.Build.0 = Release|ARM
		{E14C932F-E7AF-4973-BFAF-D2ED3EAE7F30}.Ad-Hoc|ARM.Deploy.0 = Release|ARM
		{E14C932F-E7AF-4973-BFAF-D2ED3EAE7F30}.Ad-Hoc|iPhone.ActiveCfg = Release|x64
		{E14C932F-E7AF-4973-BFAF-D2ED3EAE7F30}.Ad-Hoc|iPhone.Build.0 = Release|x64
		{E14C932F-E7AF-4973-BFAF-D2ED3EAE7F30}.Ad-Hoc|iPhone.Deploy.0 = Release|x64
		{E14C932F-E7AF-4973-BFAF-D2ED3EAE7F30}.Ad-Hoc|iPhoneSimulator.ActiveCfg = Release|x64
		{E14C932F-E7AF-4973-BFAF-D2ED3EAE7F30}.Ad-Hoc|iPhoneSimulator.Build.0 = Release|x64
		{E14C932F-E7AF-4973-BFAF-D2ED3EAE7F30}.Ad-Hoc|iPhoneSimulator.Deploy.0 = Release|x64
		{E14C932F-E7AF-4973-BFAF-D2ED3EAE7F30}.Ad-Hoc|x64.ActiveCfg = Release|x64
		{E14C932F-E7AF-4973-BFAF-D2ED3EAE7F30}.Ad-Hoc|x64.Build.0 = Release|x64
		{E14C932F-E7AF-4973-BFAF-D2ED3EAE7F30}.Ad-Hoc|x64.Deploy.0 = Release|x64
		{E14C932F-E7AF-4973-BFAF-D2ED3EAE7F30}.Ad-Hoc|x86.ActiveCfg = Release|x86
		{E14C932F-E7AF-4973-BFAF-D2ED3EAE7F30}.Ad-Hoc|x86.Build.0 = Release|x86
		{E14C932F-E7AF-4973-BFAF-D2ED3EAE7F30}.Ad-Hoc|x86.Deploy.0 = Release|x86
		{E14C932F-E7AF-4973-BFAF-D2ED3EAE7F30}.AppStore|Any CPU.ActiveCfg = Release|x64
		{E14C932F-E7AF-4973-BFAF-D2ED3EAE7F30}.AppStore|Any CPU.Build.0 = Release|x64
		{E14C932F-E7AF-4973-BFAF-D2ED3EAE7F30}.AppStore|Any CPU.Deploy.0 = Release|x64
		{E14C932F-E7AF-4973-BFAF-D2ED3EAE7F30}.AppStore|ARM.ActiveCfg = Release|ARM
		{E14C932F-E7AF-4973-BFAF-D2ED3EAE7F30}.AppStore|ARM.Build.0 = Release|ARM
		{E14C932F-E7AF-4973-BFAF-D2ED3EAE7F30}.AppStore|ARM.Deploy.0 = Release|ARM
		{E14C932F-E7AF-4973-BFAF-D2ED3EAE7F30}.AppStore|iPhone.ActiveCfg = Release|x64
		{E14C932F-E7AF-4973-BFAF-D2ED3EAE7F30}.AppStore|iPhone.Build.0 = Release|x64
		{E14C932F-E7AF-4973-BFAF-D2ED3EAE7F30}.AppStore|iPhone.Deploy.0 = Release|x64
		{E14C932F-E7AF-4973-BFAF-D2ED3EAE7F30}.AppStore|iPhoneSimulator.ActiveCfg = Release|x64
		{E14C932F-E7AF-4973-BFAF-D2ED3EAE7F30}.AppStore|iPhoneSimulator.Build.0 = Release|x64
		{E14C932F-E7AF-4973-BFAF-D2ED3EAE7F30}.AppStore|iPhoneSimulator.Deploy.0 = Release|x64
		{E14C932F-E7AF-4973-BFAF-D2ED3EAE7F30}.AppStore|x64.ActiveCfg = Release|x64
		{E14C932F-E7AF-4973-BFAF-D2ED3EAE7F30}.AppStore|x64.Build.0 = Release|x64
		{E14C932F-E7AF-4973-BFAF-D2ED3EAE7F30}.AppStore|x64.Deploy.0 = Release|x64
		{E14C932F-E7AF-4973-BFAF-D2ED3EAE7F30}.AppStore|x86.ActiveCfg = Release|x86
		{E14C932F-E7AF-4973-BFAF-D2ED3EAE7F30}.AppStore|x86.Build.0 = Release|x86
		{E14C932F-E7AF-4973-BFAF-D2ED3EAE7F30}.AppStore|x86.Deploy.0 = Release|x86
		{E14C932F-E7AF-4973-BFAF-D2ED3EAE7F30}.Debug|Any CPU.ActiveCfg = Debug|x86
		{E14C932F-E7AF-4973-BFAF-D2ED3EAE7F30}.Debug|ARM.ActiveCfg = Debug|ARM
		{E14C932F-E7AF-4973-BFAF-D2ED3EAE7F30}.Debug|ARM.Build.0 = Debug|ARM
		{E14C932F-E7AF-4973-BFAF-D2ED3EAE7F30}.Debug|ARM.Deploy.0 = Debug|ARM
		{E14C932F-E7AF-4973-BFAF-D2ED3EAE7F30}.Debug|iPhone.ActiveCfg = Debug|x86
		{E14C932F-E7AF-4973-BFAF-D2ED3EAE7F30}.Debug|iPhoneSimulator.ActiveCfg = Debug|x86
		{E14C932F-E7AF-4973-BFAF-D2ED3EAE7F30}.Debug|x64.ActiveCfg = Debug|x64
		{E14C932F-E7AF-4973-BFAF-D2ED3EAE7F30}.Debug|x64.Build.0 = Debug|x64
		{E14C932F-E7AF-4973-BFAF-D2ED3EAE7F30}.Debug|x64.Deploy.0 = Debug|x64
		{E14C932F-E7AF-4973-BFAF-D2ED3EAE7F30}.Debug|x86.ActiveCfg = Debug|x86
		{E14C932F-E7AF-4973-BFAF-D2ED3EAE7F30}.Debug|x86.Build.0 = Debug|x86
		{E14C932F-E7AF-4973-BFAF-D2ED3EAE7F30}.Debug|x86.Deploy.0 = Debug|x86
		{E14C932F-E7AF-4973-BFAF-D2ED3EAE7F30}.Release|Any CPU.ActiveCfg = Release|x86
		{E14C932F-E7AF-4973-BFAF-D2ED3EAE7F30}.Release|ARM.ActiveCfg = Release|ARM
		{E14C932F-E7AF-4973-BFAF-D2ED3EAE7F30}.Release|ARM.Build.0 = Release|ARM
		{E14C932F-E7AF-4973-BFAF-D2ED3EAE7F30}.Release|ARM.Deploy.0 = Release|ARM
		{E14C932F-E7AF-4973-BFAF-D2ED3EAE7F30}.Release|iPhone.ActiveCfg = Release|x86
		{E14C932F-E7AF-4973-BFAF-D2ED3EAE7F30}.Release|iPhoneSimulator.ActiveCfg = Release|x86
		{E14C932F-E7AF-4973-BFAF-D2ED3EAE7F30}.Release|x64.ActiveCfg = Release|x64
		{E14C932F-E7AF-4973-BFAF-D2ED3EAE7F30}.Release|x64.Build.0 = Release|x64
		{E14C932F-E7AF-4973-BFAF-D2ED3EAE7F30}.Release|x64.Deploy.0 = Release|x64
		{E14C932F-E7AF-4973-BFAF-D2ED3EAE7F30}.Release|x86.ActiveCfg = Release|x86
		{E14C932F-E7AF-4973-BFAF-D2ED3EAE7F30}.Release|x86.Build.0 = Release|x86
		{E14C932F-E7AF-4973-BFAF-D2ED3EAE7F30}.Release|x86.Deploy.0 = Release|x86
		{6F16A54C-92ED-40DE-A6CC-FE9E67DCFC4E}.Ad-Hoc|Any CPU.ActiveCfg = Release|Any CPU
		{6F16A54C-92ED-40DE-A6CC-FE9E67DCFC4E}.Ad-Hoc|Any CPU.Build.0 = Release|Any CPU
		{6F16A54C-92ED-40DE-A6CC-FE9E67DCFC4E}.Ad-Hoc|ARM.ActiveCfg = Release|Any CPU
		{6F16A54C-92ED-40DE-A6CC-FE9E67DCFC4E}.Ad-Hoc|ARM.Build.0 = Release|Any CPU
		{6F16A54C-92ED-40DE-A6CC-FE9E67DCFC4E}.Ad-Hoc|iPhone.ActiveCfg = Release|Any CPU
		{6F16A54C-92ED-40DE-A6CC-FE9E67DCFC4E}.Ad-Hoc|iPhone.Build.0 = Release|Any CPU
		{6F16A54C-92ED-40DE-A6CC-FE9E67DCFC4E}.Ad-Hoc|iPhoneSimulator.ActiveCfg = Release|Any CPU
		{6F16A54C-92ED-40DE-A6CC-FE9E67DCFC4E}.Ad-Hoc|iPhoneSimulator.Build.0 = Release|Any CPU
		{6F16A54C-92ED-40DE-A6CC-FE9E67DCFC4E}.Ad-Hoc|x64.ActiveCfg = Release|Any CPU
		{6F16A54C-92ED-40DE-A6CC-FE9E67DCFC4E}.Ad-Hoc|x64.Build.0 = Release|Any CPU
		{6F16A54C-92ED-40DE-A6CC-FE9E67DCFC4E}.Ad-Hoc|x86.ActiveCfg = Release|Any CPU
		{6F16A54C-92ED-40DE-A6CC-FE9E67DCFC4E}.Ad-Hoc|x86.Build.0 = Release|Any CPU
		{6F16A54C-92ED-40DE-A6CC-FE9E67DCFC4E}.AppStore|Any CPU.ActiveCfg = Release|Any CPU
		{6F16A54C-92ED-40DE-A6CC-FE9E67DCFC4E}.AppStore|Any CPU.Build.0 = Release|Any CPU
		{6F16A54C-92ED-40DE-A6CC-FE9E67DCFC4E}.AppStore|ARM.ActiveCfg = Release|Any CPU
		{6F16A54C-92ED-40DE-A6CC-FE9E67DCFC4E}.AppStore|ARM.Build.0 = Release|Any CPU
		{6F16A54C-92ED-40DE-A6CC-FE9E67DCFC4E}.AppStore|iPhone.ActiveCfg = Release|Any CPU
		{6F16A54C-92ED-40DE-A6CC-FE9E67DCFC4E}.AppStore|iPhone.Build.0 = Release|Any CPU
		{6F16A54C-92ED-40DE-A6CC-FE9E67DCFC4E}.AppStore|iPhoneSimulator.ActiveCfg = Release|Any CPU
		{6F16A54C-92ED-40DE-A6CC-FE9E67DCFC4E}.AppStore|iPhoneSimulator.Build.0 = Release|Any CPU
		{6F16A54C-92ED-40DE-A6CC-FE9E67DCFC4E}.AppStore|x64.ActiveCfg = Release|Any CPU
		{6F16A54C-92ED-40DE-A6CC-FE9E67DCFC4E}.AppStore|x64.Build.0 = Release|Any CPU
		{6F16A54C-92ED-40DE-A6CC-FE9E67DCFC4E}.AppStore|x86.ActiveCfg = Release|Any CPU
		{6F16A54C-92ED-40DE-A6CC-FE9E67DCFC4E}.AppStore|x86.Build.0 = Release|Any CPU
		{6F16A54C-92ED-40DE-A6CC-FE9E67DCFC4E}.Debug|Any CPU.ActiveCfg = Debug|Any CPU
		{6F16A54C-92ED-40DE-A6CC-FE9E67DCFC4E}.Debug|Any CPU.Build.0 = Debug|Any CPU
		{6F16A54C-92ED-40DE-A6CC-FE9E67DCFC4E}.Debug|ARM.ActiveCfg = Debug|Any CPU
		{6F16A54C-92ED-40DE-A6CC-FE9E67DCFC4E}.Debug|ARM.Build.0 = Debug|Any CPU
		{6F16A54C-92ED-40DE-A6CC-FE9E67DCFC4E}.Debug|iPhone.ActiveCfg = Debug|Any CPU
		{6F16A54C-92ED-40DE-A6CC-FE9E67DCFC4E}.Debug|iPhone.Build.0 = Debug|Any CPU
		{6F16A54C-92ED-40DE-A6CC-FE9E67DCFC4E}.Debug|iPhoneSimulator.ActiveCfg = Debug|Any CPU
		{6F16A54C-92ED-40DE-A6CC-FE9E67DCFC4E}.Debug|iPhoneSimulator.Build.0 = Debug|Any CPU
		{6F16A54C-92ED-40DE-A6CC-FE9E67DCFC4E}.Debug|x64.ActiveCfg = Debug|Any CPU
		{6F16A54C-92ED-40DE-A6CC-FE9E67DCFC4E}.Debug|x64.Build.0 = Debug|Any CPU
		{6F16A54C-92ED-40DE-A6CC-FE9E67DCFC4E}.Debug|x86.ActiveCfg = Debug|Any CPU
		{6F16A54C-92ED-40DE-A6CC-FE9E67DCFC4E}.Debug|x86.Build.0 = Debug|Any CPU
		{6F16A54C-92ED-40DE-A6CC-FE9E67DCFC4E}.Release|Any CPU.ActiveCfg = Release|Any CPU
		{6F16A54C-92ED-40DE-A6CC-FE9E67DCFC4E}.Release|Any CPU.Build.0 = Release|Any CPU
		{6F16A54C-92ED-40DE-A6CC-FE9E67DCFC4E}.Release|ARM.ActiveCfg = Release|Any CPU
		{6F16A54C-92ED-40DE-A6CC-FE9E67DCFC4E}.Release|ARM.Build.0 = Release|Any CPU
		{6F16A54C-92ED-40DE-A6CC-FE9E67DCFC4E}.Release|iPhone.ActiveCfg = Release|Any CPU
		{6F16A54C-92ED-40DE-A6CC-FE9E67DCFC4E}.Release|iPhone.Build.0 = Release|Any CPU
		{6F16A54C-92ED-40DE-A6CC-FE9E67DCFC4E}.Release|iPhoneSimulator.ActiveCfg = Release|Any CPU
		{6F16A54C-92ED-40DE-A6CC-FE9E67DCFC4E}.Release|iPhoneSimulator.Build.0 = Release|Any CPU
		{6F16A54C-92ED-40DE-A6CC-FE9E67DCFC4E}.Release|x64.ActiveCfg = Release|Any CPU
		{6F16A54C-92ED-40DE-A6CC-FE9E67DCFC4E}.Release|x64.Build.0 = Release|Any CPU
		{6F16A54C-92ED-40DE-A6CC-FE9E67DCFC4E}.Release|x86.ActiveCfg = Release|Any CPU
		{6F16A54C-92ED-40DE-A6CC-FE9E67DCFC4E}.Release|x86.Build.0 = Release|Any CPU
		{E261DD12-732D-4D20-92BC-D437C7800F07}.Ad-Hoc|Any CPU.ActiveCfg = Release|Any CPU
		{E261DD12-732D-4D20-92BC-D437C7800F07}.Ad-Hoc|Any CPU.Build.0 = Release|Any CPU
		{E261DD12-732D-4D20-92BC-D437C7800F07}.Ad-Hoc|Any CPU.Deploy.0 = Release|Any CPU
		{E261DD12-732D-4D20-92BC-D437C7800F07}.Ad-Hoc|ARM.ActiveCfg = Release|Any CPU
		{E261DD12-732D-4D20-92BC-D437C7800F07}.Ad-Hoc|ARM.Build.0 = Release|Any CPU
		{E261DD12-732D-4D20-92BC-D437C7800F07}.Ad-Hoc|ARM.Deploy.0 = Release|Any CPU
		{E261DD12-732D-4D20-92BC-D437C7800F07}.Ad-Hoc|iPhone.ActiveCfg = Release|Any CPU
		{E261DD12-732D-4D20-92BC-D437C7800F07}.Ad-Hoc|iPhone.Build.0 = Release|Any CPU
		{E261DD12-732D-4D20-92BC-D437C7800F07}.Ad-Hoc|iPhone.Deploy.0 = Release|Any CPU
		{E261DD12-732D-4D20-92BC-D437C7800F07}.Ad-Hoc|iPhoneSimulator.ActiveCfg = Release|Any CPU
		{E261DD12-732D-4D20-92BC-D437C7800F07}.Ad-Hoc|iPhoneSimulator.Build.0 = Release|Any CPU
		{E261DD12-732D-4D20-92BC-D437C7800F07}.Ad-Hoc|iPhoneSimulator.Deploy.0 = Release|Any CPU
		{E261DD12-732D-4D20-92BC-D437C7800F07}.Ad-Hoc|x64.ActiveCfg = Release|Any CPU
		{E261DD12-732D-4D20-92BC-D437C7800F07}.Ad-Hoc|x64.Build.0 = Release|Any CPU
		{E261DD12-732D-4D20-92BC-D437C7800F07}.Ad-Hoc|x64.Deploy.0 = Release|Any CPU
		{E261DD12-732D-4D20-92BC-D437C7800F07}.Ad-Hoc|x86.ActiveCfg = Release|Any CPU
		{E261DD12-732D-4D20-92BC-D437C7800F07}.Ad-Hoc|x86.Build.0 = Release|Any CPU
		{E261DD12-732D-4D20-92BC-D437C7800F07}.Ad-Hoc|x86.Deploy.0 = Release|Any CPU
		{E261DD12-732D-4D20-92BC-D437C7800F07}.AppStore|Any CPU.ActiveCfg = Release|Any CPU
		{E261DD12-732D-4D20-92BC-D437C7800F07}.AppStore|Any CPU.Build.0 = Release|Any CPU
		{E261DD12-732D-4D20-92BC-D437C7800F07}.AppStore|Any CPU.Deploy.0 = Release|Any CPU
		{E261DD12-732D-4D20-92BC-D437C7800F07}.AppStore|ARM.ActiveCfg = Release|Any CPU
		{E261DD12-732D-4D20-92BC-D437C7800F07}.AppStore|ARM.Build.0 = Release|Any CPU
		{E261DD12-732D-4D20-92BC-D437C7800F07}.AppStore|ARM.Deploy.0 = Release|Any CPU
		{E261DD12-732D-4D20-92BC-D437C7800F07}.AppStore|iPhone.ActiveCfg = Release|Any CPU
		{E261DD12-732D-4D20-92BC-D437C7800F07}.AppStore|iPhone.Build.0 = Release|Any CPU
		{E261DD12-732D-4D20-92BC-D437C7800F07}.AppStore|iPhone.Deploy.0 = Release|Any CPU
		{E261DD12-732D-4D20-92BC-D437C7800F07}.AppStore|iPhoneSimulator.ActiveCfg = Release|Any CPU
		{E261DD12-732D-4D20-92BC-D437C7800F07}.AppStore|iPhoneSimulator.Build.0 = Release|Any CPU
		{E261DD12-732D-4D20-92BC-D437C7800F07}.AppStore|iPhoneSimulator.Deploy.0 = Release|Any CPU
		{E261DD12-732D-4D20-92BC-D437C7800F07}.AppStore|x64.ActiveCfg = Release|Any CPU
		{E261DD12-732D-4D20-92BC-D437C7800F07}.AppStore|x64.Build.0 = Release|Any CPU
		{E261DD12-732D-4D20-92BC-D437C7800F07}.AppStore|x64.Deploy.0 = Release|Any CPU
		{E261DD12-732D-4D20-92BC-D437C7800F07}.AppStore|x86.ActiveCfg = Release|Any CPU
		{E261DD12-732D-4D20-92BC-D437C7800F07}.AppStore|x86.Build.0 = Release|Any CPU
		{E261DD12-732D-4D20-92BC-D437C7800F07}.AppStore|x86.Deploy.0 = Release|Any CPU
		{E261DD12-732D-4D20-92BC-D437C7800F07}.Debug|Any CPU.ActiveCfg = Debug|Any CPU
		{E261DD12-732D-4D20-92BC-D437C7800F07}.Debug|Any CPU.Build.0 = Debug|Any CPU
		{E261DD12-732D-4D20-92BC-D437C7800F07}.Debug|Any CPU.Deploy.0 = Debug|Any CPU
		{E261DD12-732D-4D20-92BC-D437C7800F07}.Debug|ARM.ActiveCfg = Debug|Any CPU
		{E261DD12-732D-4D20-92BC-D437C7800F07}.Debug|ARM.Build.0 = Debug|Any CPU
		{E261DD12-732D-4D20-92BC-D437C7800F07}.Debug|ARM.Deploy.0 = Debug|Any CPU
		{E261DD12-732D-4D20-92BC-D437C7800F07}.Debug|iPhone.ActiveCfg = Debug|Any CPU
		{E261DD12-732D-4D20-92BC-D437C7800F07}.Debug|iPhone.Build.0 = Debug|Any CPU
		{E261DD12-732D-4D20-92BC-D437C7800F07}.Debug|iPhone.Deploy.0 = Debug|Any CPU
		{E261DD12-732D-4D20-92BC-D437C7800F07}.Debug|iPhoneSimulator.ActiveCfg = Debug|Any CPU
		{E261DD12-732D-4D20-92BC-D437C7800F07}.Debug|iPhoneSimulator.Build.0 = Debug|Any CPU
		{E261DD12-732D-4D20-92BC-D437C7800F07}.Debug|iPhoneSimulator.Deploy.0 = Debug|Any CPU
		{E261DD12-732D-4D20-92BC-D437C7800F07}.Debug|x64.ActiveCfg = Debug|Any CPU
		{E261DD12-732D-4D20-92BC-D437C7800F07}.Debug|x64.Build.0 = Debug|Any CPU
		{E261DD12-732D-4D20-92BC-D437C7800F07}.Debug|x64.Deploy.0 = Debug|Any CPU
		{E261DD12-732D-4D20-92BC-D437C7800F07}.Debug|x86.ActiveCfg = Debug|Any CPU
		{E261DD12-732D-4D20-92BC-D437C7800F07}.Debug|x86.Build.0 = Debug|Any CPU
		{E261DD12-732D-4D20-92BC-D437C7800F07}.Debug|x86.Deploy.0 = Debug|Any CPU
		{E261DD12-732D-4D20-92BC-D437C7800F07}.Release|Any CPU.ActiveCfg = Release|Any CPU
		{E261DD12-732D-4D20-92BC-D437C7800F07}.Release|Any CPU.Build.0 = Release|Any CPU
		{E261DD12-732D-4D20-92BC-D437C7800F07}.Release|Any CPU.Deploy.0 = Release|Any CPU
		{E261DD12-732D-4D20-92BC-D437C7800F07}.Release|ARM.ActiveCfg = Release|Any CPU
		{E261DD12-732D-4D20-92BC-D437C7800F07}.Release|ARM.Build.0 = Release|Any CPU
		{E261DD12-732D-4D20-92BC-D437C7800F07}.Release|ARM.Deploy.0 = Release|Any CPU
		{E261DD12-732D-4D20-92BC-D437C7800F07}.Release|iPhone.ActiveCfg = Release|Any CPU
		{E261DD12-732D-4D20-92BC-D437C7800F07}.Release|iPhone.Build.0 = Release|Any CPU
		{E261DD12-732D-4D20-92BC-D437C7800F07}.Release|iPhone.Deploy.0 = Release|Any CPU
		{E261DD12-732D-4D20-92BC-D437C7800F07}.Release|iPhoneSimulator.ActiveCfg = Release|Any CPU
		{E261DD12-732D-4D20-92BC-D437C7800F07}.Release|iPhoneSimulator.Build.0 = Release|Any CPU
		{E261DD12-732D-4D20-92BC-D437C7800F07}.Release|iPhoneSimulator.Deploy.0 = Release|Any CPU
		{E261DD12-732D-4D20-92BC-D437C7800F07}.Release|x64.ActiveCfg = Release|Any CPU
		{E261DD12-732D-4D20-92BC-D437C7800F07}.Release|x64.Build.0 = Release|Any CPU
		{E261DD12-732D-4D20-92BC-D437C7800F07}.Release|x64.Deploy.0 = Release|Any CPU
		{E261DD12-732D-4D20-92BC-D437C7800F07}.Release|x86.ActiveCfg = Release|Any CPU
		{E261DD12-732D-4D20-92BC-D437C7800F07}.Release|x86.Build.0 = Release|Any CPU
		{E261DD12-732D-4D20-92BC-D437C7800F07}.Release|x86.Deploy.0 = Release|Any CPU
		{76EAE8F6-52F6-4FAA-A3D4-5F8451ACA59E}.Ad-Hoc|Any CPU.ActiveCfg = Ad-Hoc|iPhone
		{76EAE8F6-52F6-4FAA-A3D4-5F8451ACA59E}.Ad-Hoc|ARM.ActiveCfg = Ad-Hoc|iPhone
		{76EAE8F6-52F6-4FAA-A3D4-5F8451ACA59E}.Ad-Hoc|iPhone.ActiveCfg = Ad-Hoc|iPhone
		{76EAE8F6-52F6-4FAA-A3D4-5F8451ACA59E}.Ad-Hoc|iPhone.Build.0 = Ad-Hoc|iPhone
		{76EAE8F6-52F6-4FAA-A3D4-5F8451ACA59E}.Ad-Hoc|iPhoneSimulator.ActiveCfg = Ad-Hoc|iPhoneSimulator
		{76EAE8F6-52F6-4FAA-A3D4-5F8451ACA59E}.Ad-Hoc|iPhoneSimulator.Build.0 = Ad-Hoc|iPhoneSimulator
		{76EAE8F6-52F6-4FAA-A3D4-5F8451ACA59E}.Ad-Hoc|x64.ActiveCfg = Ad-Hoc|iPhone
		{76EAE8F6-52F6-4FAA-A3D4-5F8451ACA59E}.Ad-Hoc|x86.ActiveCfg = Ad-Hoc|iPhone
		{76EAE8F6-52F6-4FAA-A3D4-5F8451ACA59E}.AppStore|Any CPU.ActiveCfg = AppStore|iPhone
		{76EAE8F6-52F6-4FAA-A3D4-5F8451ACA59E}.AppStore|ARM.ActiveCfg = AppStore|iPhone
		{76EAE8F6-52F6-4FAA-A3D4-5F8451ACA59E}.AppStore|iPhone.ActiveCfg = AppStore|iPhone
		{76EAE8F6-52F6-4FAA-A3D4-5F8451ACA59E}.AppStore|iPhone.Build.0 = AppStore|iPhone
		{76EAE8F6-52F6-4FAA-A3D4-5F8451ACA59E}.AppStore|iPhoneSimulator.ActiveCfg = AppStore|iPhoneSimulator
		{76EAE8F6-52F6-4FAA-A3D4-5F8451ACA59E}.AppStore|iPhoneSimulator.Build.0 = AppStore|iPhoneSimulator
		{76EAE8F6-52F6-4FAA-A3D4-5F8451ACA59E}.AppStore|x64.ActiveCfg = AppStore|iPhone
		{76EAE8F6-52F6-4FAA-A3D4-5F8451ACA59E}.AppStore|x86.ActiveCfg = AppStore|iPhone
		{76EAE8F6-52F6-4FAA-A3D4-5F8451ACA59E}.Debug|Any CPU.ActiveCfg = Debug|iPhone
		{76EAE8F6-52F6-4FAA-A3D4-5F8451ACA59E}.Debug|ARM.ActiveCfg = Debug|iPhone
		{76EAE8F6-52F6-4FAA-A3D4-5F8451ACA59E}.Debug|iPhone.ActiveCfg = Debug|iPhone
		{76EAE8F6-52F6-4FAA-A3D4-5F8451ACA59E}.Debug|iPhone.Build.0 = Debug|iPhone
		{76EAE8F6-52F6-4FAA-A3D4-5F8451ACA59E}.Debug|iPhoneSimulator.ActiveCfg = Debug|iPhoneSimulator
		{76EAE8F6-52F6-4FAA-A3D4-5F8451ACA59E}.Debug|iPhoneSimulator.Build.0 = Debug|iPhoneSimulator
		{76EAE8F6-52F6-4FAA-A3D4-5F8451ACA59E}.Debug|x64.ActiveCfg = Debug|iPhone
		{76EAE8F6-52F6-4FAA-A3D4-5F8451ACA59E}.Debug|x86.ActiveCfg = Debug|iPhone
		{76EAE8F6-52F6-4FAA-A3D4-5F8451ACA59E}.Release|Any CPU.ActiveCfg = Release|iPhone
		{76EAE8F6-52F6-4FAA-A3D4-5F8451ACA59E}.Release|ARM.ActiveCfg = Release|iPhone
		{76EAE8F6-52F6-4FAA-A3D4-5F8451ACA59E}.Release|iPhone.ActiveCfg = Release|iPhone
		{76EAE8F6-52F6-4FAA-A3D4-5F8451ACA59E}.Release|iPhone.Build.0 = Release|iPhone
		{76EAE8F6-52F6-4FAA-A3D4-5F8451ACA59E}.Release|iPhoneSimulator.ActiveCfg = Release|iPhoneSimulator
		{76EAE8F6-52F6-4FAA-A3D4-5F8451ACA59E}.Release|iPhoneSimulator.Build.0 = Release|iPhoneSimulator
		{76EAE8F6-52F6-4FAA-A3D4-5F8451ACA59E}.Release|x64.ActiveCfg = Release|iPhone
		{76EAE8F6-52F6-4FAA-A3D4-5F8451ACA59E}.Release|x86.ActiveCfg = Release|iPhone
		{4727FFD4-D98B-4AAF-B1B6-40FBB91AEFF6}.Ad-Hoc|Any CPU.ActiveCfg = Release|Any CPU
		{4727FFD4-D98B-4AAF-B1B6-40FBB91AEFF6}.Ad-Hoc|Any CPU.Build.0 = Release|Any CPU
		{4727FFD4-D98B-4AAF-B1B6-40FBB91AEFF6}.Ad-Hoc|Any CPU.Deploy.0 = Release|Any CPU
		{4727FFD4-D98B-4AAF-B1B6-40FBB91AEFF6}.Ad-Hoc|ARM.ActiveCfg = Release|ARM
		{4727FFD4-D98B-4AAF-B1B6-40FBB91AEFF6}.Ad-Hoc|ARM.Build.0 = Release|ARM
		{4727FFD4-D98B-4AAF-B1B6-40FBB91AEFF6}.Ad-Hoc|ARM.Deploy.0 = Release|ARM
		{4727FFD4-D98B-4AAF-B1B6-40FBB91AEFF6}.Ad-Hoc|iPhone.ActiveCfg = Release|Any CPU
		{4727FFD4-D98B-4AAF-B1B6-40FBB91AEFF6}.Ad-Hoc|iPhone.Build.0 = Release|Any CPU
		{4727FFD4-D98B-4AAF-B1B6-40FBB91AEFF6}.Ad-Hoc|iPhone.Deploy.0 = Release|Any CPU
		{4727FFD4-D98B-4AAF-B1B6-40FBB91AEFF6}.Ad-Hoc|iPhoneSimulator.ActiveCfg = Release|Any CPU
		{4727FFD4-D98B-4AAF-B1B6-40FBB91AEFF6}.Ad-Hoc|iPhoneSimulator.Build.0 = Release|Any CPU
		{4727FFD4-D98B-4AAF-B1B6-40FBB91AEFF6}.Ad-Hoc|iPhoneSimulator.Deploy.0 = Release|Any CPU
		{4727FFD4-D98B-4AAF-B1B6-40FBB91AEFF6}.Ad-Hoc|x64.ActiveCfg = Release|Any CPU
		{4727FFD4-D98B-4AAF-B1B6-40FBB91AEFF6}.Ad-Hoc|x64.Build.0 = Release|Any CPU
		{4727FFD4-D98B-4AAF-B1B6-40FBB91AEFF6}.Ad-Hoc|x64.Deploy.0 = Release|Any CPU
		{4727FFD4-D98B-4AAF-B1B6-40FBB91AEFF6}.Ad-Hoc|x86.ActiveCfg = Release|x86
		{4727FFD4-D98B-4AAF-B1B6-40FBB91AEFF6}.Ad-Hoc|x86.Build.0 = Release|x86
		{4727FFD4-D98B-4AAF-B1B6-40FBB91AEFF6}.Ad-Hoc|x86.Deploy.0 = Release|x86
		{4727FFD4-D98B-4AAF-B1B6-40FBB91AEFF6}.AppStore|Any CPU.ActiveCfg = Release|Any CPU
		{4727FFD4-D98B-4AAF-B1B6-40FBB91AEFF6}.AppStore|Any CPU.Build.0 = Release|Any CPU
		{4727FFD4-D98B-4AAF-B1B6-40FBB91AEFF6}.AppStore|Any CPU.Deploy.0 = Release|Any CPU
		{4727FFD4-D98B-4AAF-B1B6-40FBB91AEFF6}.AppStore|ARM.ActiveCfg = Release|ARM
		{4727FFD4-D98B-4AAF-B1B6-40FBB91AEFF6}.AppStore|ARM.Build.0 = Release|ARM
		{4727FFD4-D98B-4AAF-B1B6-40FBB91AEFF6}.AppStore|ARM.Deploy.0 = Release|ARM
		{4727FFD4-D98B-4AAF-B1B6-40FBB91AEFF6}.AppStore|iPhone.ActiveCfg = Release|Any CPU
		{4727FFD4-D98B-4AAF-B1B6-40FBB91AEFF6}.AppStore|iPhone.Build.0 = Release|Any CPU
		{4727FFD4-D98B-4AAF-B1B6-40FBB91AEFF6}.AppStore|iPhone.Deploy.0 = Release|Any CPU
		{4727FFD4-D98B-4AAF-B1B6-40FBB91AEFF6}.AppStore|iPhoneSimulator.ActiveCfg = Release|Any CPU
		{4727FFD4-D98B-4AAF-B1B6-40FBB91AEFF6}.AppStore|iPhoneSimulator.Build.0 = Release|Any CPU
		{4727FFD4-D98B-4AAF-B1B6-40FBB91AEFF6}.AppStore|iPhoneSimulator.Deploy.0 = Release|Any CPU
		{4727FFD4-D98B-4AAF-B1B6-40FBB91AEFF6}.AppStore|x64.ActiveCfg = Release|Any CPU
		{4727FFD4-D98B-4AAF-B1B6-40FBB91AEFF6}.AppStore|x64.Build.0 = Release|Any CPU
		{4727FFD4-D98B-4AAF-B1B6-40FBB91AEFF6}.AppStore|x64.Deploy.0 = Release|Any CPU
		{4727FFD4-D98B-4AAF-B1B6-40FBB91AEFF6}.AppStore|x86.ActiveCfg = Release|x86
		{4727FFD4-D98B-4AAF-B1B6-40FBB91AEFF6}.AppStore|x86.Build.0 = Release|x86
		{4727FFD4-D98B-4AAF-B1B6-40FBB91AEFF6}.AppStore|x86.Deploy.0 = Release|x86
		{4727FFD4-D98B-4AAF-B1B6-40FBB91AEFF6}.Debug|Any CPU.ActiveCfg = Debug|Any CPU
		{4727FFD4-D98B-4AAF-B1B6-40FBB91AEFF6}.Debug|Any CPU.Build.0 = Debug|Any CPU
		{4727FFD4-D98B-4AAF-B1B6-40FBB91AEFF6}.Debug|Any CPU.Deploy.0 = Debug|Any CPU
		{4727FFD4-D98B-4AAF-B1B6-40FBB91AEFF6}.Debug|ARM.ActiveCfg = Debug|ARM
		{4727FFD4-D98B-4AAF-B1B6-40FBB91AEFF6}.Debug|ARM.Build.0 = Debug|ARM
		{4727FFD4-D98B-4AAF-B1B6-40FBB91AEFF6}.Debug|ARM.Deploy.0 = Debug|ARM
		{4727FFD4-D98B-4AAF-B1B6-40FBB91AEFF6}.Debug|iPhone.ActiveCfg = Debug|Any CPU
		{4727FFD4-D98B-4AAF-B1B6-40FBB91AEFF6}.Debug|iPhone.Build.0 = Debug|Any CPU
		{4727FFD4-D98B-4AAF-B1B6-40FBB91AEFF6}.Debug|iPhone.Deploy.0 = Debug|Any CPU
		{4727FFD4-D98B-4AAF-B1B6-40FBB91AEFF6}.Debug|iPhoneSimulator.ActiveCfg = Debug|Any CPU
		{4727FFD4-D98B-4AAF-B1B6-40FBB91AEFF6}.Debug|iPhoneSimulator.Build.0 = Debug|Any CPU
		{4727FFD4-D98B-4AAF-B1B6-40FBB91AEFF6}.Debug|iPhoneSimulator.Deploy.0 = Debug|Any CPU
		{4727FFD4-D98B-4AAF-B1B6-40FBB91AEFF6}.Debug|x64.ActiveCfg = Debug|Any CPU
		{4727FFD4-D98B-4AAF-B1B6-40FBB91AEFF6}.Debug|x64.Build.0 = Debug|Any CPU
		{4727FFD4-D98B-4AAF-B1B6-40FBB91AEFF6}.Debug|x64.Deploy.0 = Debug|Any CPU
		{4727FFD4-D98B-4AAF-B1B6-40FBB91AEFF6}.Debug|x86.ActiveCfg = Debug|x86
		{4727FFD4-D98B-4AAF-B1B6-40FBB91AEFF6}.Debug|x86.Build.0 = Debug|x86
		{4727FFD4-D98B-4AAF-B1B6-40FBB91AEFF6}.Debug|x86.Deploy.0 = Debug|x86
		{4727FFD4-D98B-4AAF-B1B6-40FBB91AEFF6}.Release|Any CPU.ActiveCfg = Release|Any CPU
		{4727FFD4-D98B-4AAF-B1B6-40FBB91AEFF6}.Release|Any CPU.Build.0 = Release|Any CPU
		{4727FFD4-D98B-4AAF-B1B6-40FBB91AEFF6}.Release|Any CPU.Deploy.0 = Release|Any CPU
		{4727FFD4-D98B-4AAF-B1B6-40FBB91AEFF6}.Release|ARM.ActiveCfg = Release|ARM
		{4727FFD4-D98B-4AAF-B1B6-40FBB91AEFF6}.Release|ARM.Build.0 = Release|ARM
		{4727FFD4-D98B-4AAF-B1B6-40FBB91AEFF6}.Release|ARM.Deploy.0 = Release|ARM
		{4727FFD4-D98B-4AAF-B1B6-40FBB91AEFF6}.Release|iPhone.ActiveCfg = Release|Any CPU
		{4727FFD4-D98B-4AAF-B1B6-40FBB91AEFF6}.Release|iPhone.Build.0 = Release|Any CPU
		{4727FFD4-D98B-4AAF-B1B6-40FBB91AEFF6}.Release|iPhone.Deploy.0 = Release|Any CPU
		{4727FFD4-D98B-4AAF-B1B6-40FBB91AEFF6}.Release|iPhoneSimulator.ActiveCfg = Release|Any CPU
		{4727FFD4-D98B-4AAF-B1B6-40FBB91AEFF6}.Release|iPhoneSimulator.Build.0 = Release|Any CPU
		{4727FFD4-D98B-4AAF-B1B6-40FBB91AEFF6}.Release|iPhoneSimulator.Deploy.0 = Release|Any CPU
		{4727FFD4-D98B-4AAF-B1B6-40FBB91AEFF6}.Release|x64.ActiveCfg = Release|Any CPU
		{4727FFD4-D98B-4AAF-B1B6-40FBB91AEFF6}.Release|x64.Build.0 = Release|Any CPU
		{4727FFD4-D98B-4AAF-B1B6-40FBB91AEFF6}.Release|x64.Deploy.0 = Release|Any CPU
		{4727FFD4-D98B-4AAF-B1B6-40FBB91AEFF6}.Release|x86.ActiveCfg = Release|x86
		{4727FFD4-D98B-4AAF-B1B6-40FBB91AEFF6}.Release|x86.Build.0 = Release|x86
		{4727FFD4-D98B-4AAF-B1B6-40FBB91AEFF6}.Release|x86.Deploy.0 = Release|x86
	EndGlobalSection
	GlobalSection(SolutionProperties) = preSolution
		HideSolutionNode = FALSE
	EndGlobalSection
	GlobalSection(NestedProjects) = preSolution
		{65212A0D-A8D1-46C8-A4B3-92F99E39032D} = {B7DDD11B-E06E-4169-8D3D-9B6017DD4895}
		{E14C932F-E7AF-4973-BFAF-D2ED3EAE7F30} = {B7DDD11B-E06E-4169-8D3D-9B6017DD4895}
		{6F16A54C-92ED-40DE-A6CC-FE9E67DCFC4E} = {3EE1CFCA-2E5B-4950-8C45-1BF38380370C}
		{E261DD12-732D-4D20-92BC-D437C7800F07} = {D46ACE54-25A8-4EF1-BB46-E9C2EE1820EA}
		{76EAE8F6-52F6-4FAA-A3D4-5F8451ACA59E} = {D46ACE54-25A8-4EF1-BB46-E9C2EE1820EA}
		{4727FFD4-D98B-4AAF-B1B6-40FBB91AEFF6} = {D46ACE54-25A8-4EF1-BB46-E9C2EE1820EA}
		{E2B39915-B306-4A50-B844-36F9B0C7172A} = {D46ACE54-25A8-4EF1-BB46-E9C2EE1820EA}
	EndGlobalSection
EndGlobal
